
Microsoft Visual Studio Solution File, Format Version 12.00
# Visual Studio Version 16
VisualStudioVersion = 16.0.31025.194
MinimumVisualStudioVersion = 10.0.40219.1
Project("{FAE04EC0-301F-11D3-BF4B-00C04F79EFBC}") = "FizzBuzzConsoleApp", "FizzBuzzConsoleApp\FizzBuzzConsoleApp.csproj", "{DB31B973-58C9-4FE3-B220-FBA91C6B949D}"
EndProject
Global
	GlobalSection(SolutionConfigurationPlatforms) = preSolution
		Debug|Any CPU = Debug|Any CPU
		Release|Any CPU = Release|Any CPU
	EndGlobalSection
	GlobalSection(ProjectConfigurationPlatforms) = postSolution
		{DB31B973-58C9-4FE3-B220-FBA91C6B949D}.Debug|Any CPU.ActiveCfg = Debug|Any CPU
		{DB31B973-58C9-4FE3-B220-FBA91C6B949D}.Debug|Any CPU.Build.0 = Debug|Any CPU
		{DB31B973-58C9-4FE3-B220-FBA91C6B949D}.Release|Any CPU.ActiveCfg = Release|Any CPU
		{DB31B973-58C9-4FE3-B220-FBA91C6B949D}.Release|Any CPU.Build.0 = Release|Any CPU
	EndGlobalSection
	GlobalSection(SolutionProperties) = preSolution
		HideSolutionNode = FALSE
	EndGlobalSection
	GlobalSection(ExtensibilityGlobals) = postSolution
		SolutionGuid = {FE3F615F-428D-4C56-A7C3-174AE09E9F73}
	EndGlobalSection
EndGlobal
